// !$*UTF8*$!
{
	archiveVersion = 1;
	classes = {
	};
	objectVersion = 46;
	objects = {

/* Begin PBXBuildFile section */
		5E0E8C581C23AC65005DDB00 /* SWDriverTestMainItemsViewController.m in Sources */ = {isa = PBXBuildFile; fileRef = 5E0E8C571C23AC65005DDB00 /* SWDriverTestMainItemsViewController.m */; };
		5E0E8C5E1C23E09E005DDB00 /* SWDriverTestQuestionView.m in Sources */ = {isa = PBXBuildFile; fileRef = 5E0E8C5D1C23E09E005DDB00 /* SWDriverTestQuestionView.m */; };
		5E0E8C621C23E48F005DDB00 /* SWDriverTestQuestion.m in Sources */ = {isa = PBXBuildFile; fileRef = 5E0E8C611C23E48F005DDB00 /* SWDriverTestQuestion.m */; };
		5E1CC4391C1FBD9E0025B4F5 /* SWPageViewController.m in Sources */ = {isa = PBXBuildFile; fileRef = 5E1CC4381C1FBD9E0025B4F5 /* SWPageViewController.m */; };
		5E4AA9EC1C2791CB004348A9 /* FlexibleAlignButton.m in Sources */ = {isa = PBXBuildFile; fileRef = 5E4AA9EB1C2791CB004348A9 /* FlexibleAlignButton.m */; };
		5E8047851C19243600B0587A /* main.m in Sources */ = {isa = PBXBuildFile; fileRef = 5E8047841C19243600B0587A /* main.m */; };
		5E8047881C19243600B0587A /* AppDelegate.m in Sources */ = {isa = PBXBuildFile; fileRef = 5E8047871C19243600B0587A /* AppDelegate.m */; };
		5E80478E1C19243600B0587A /* Main.storyboard in Resources */ = {isa = PBXBuildFile; fileRef = 5E80478C1C19243600B0587A /* Main.storyboard */; };
		5E8047911C19243600B0587A /* SWDriverTestBingo.xcdatamodeld in Sources */ = {isa = PBXBuildFile; fileRef = 5E80478F1C19243600B0587A /* SWDriverTestBingo.xcdatamodeld */; };
		5E8047931C19243600B0587A /* Assets.xcassets in Resources */ = {isa = PBXBuildFile; fileRef = 5E8047921C19243600B0587A /* Assets.xcassets */; };
		5E8047961C19243600B0587A /* LaunchScreen.storyboard in Resources */ = {isa = PBXBuildFile; fileRef = 5E8047941C19243600B0587A /* LaunchScreen.storyboard */; };
		5E8047A41C194FCD00B0587A /* SWDrag2ShowMenuViewController.m in Sources */ = {isa = PBXBuildFile; fileRef = 5E8047A31C194FCD00B0587A /* SWDrag2ShowMenuViewController.m */; };
		5E8047C81C197E7C00B0587A /* SWSideMenuContentViewController.m in Sources */ = {isa = PBXBuildFile; fileRef = 5E8047C71C197E7C00B0587A /* SWSideMenuContentViewController.m */; };
		5E8047CE1C197F0500B0587A /* SWMainViewController.m in Sources */ = {isa = PBXBuildFile; fileRef = 5E8047CD1C197F0500B0587A /* SWMainViewController.m */; };
		5E8047D11C19851800B0587A /* SWMainContentTabBarController.m in Sources */ = {isa = PBXBuildFile; fileRef = 5E8047D01C19851800B0587A /* SWMainContentTabBarController.m */; };
		5E8047D51C1987B400B0587A /* SWDriverTestMainViewController.m in Sources */ = {isa = PBXBuildFile; fileRef = 5E8047D41C1987B400B0587A /* SWDriverTestMainViewController.m */; };
		5E8826A81C328616007225E2 /* SWUserInfoConfigViewController.m in Sources */ = {isa = PBXBuildFile; fileRef = 5E8826A71C328616007225E2 /* SWUserInfoConfigViewController.m */; };
		5E8826AB1C328634007225E2 /* SWGoodIdeasViewController.m in Sources */ = {isa = PBXBuildFile; fileRef = 5E8826AA1C328634007225E2 /* SWGoodIdeasViewController.m */; };
		5EEF42921C1A69800050B91B /* SWRootViewController.m in Sources */ = {isa = PBXBuildFile; fileRef = 5EEF42911C1A69800050B91B /* SWRootViewController.m */; };
		5EEF42961C1A6CF10050B91B /* SWDriverTestApplyViewController.m in Sources */ = {isa = PBXBuildFile; fileRef = 5EEF42951C1A6CF10050B91B /* SWDriverTestApplyViewController.m */; };
		5EEF42991C1A74350050B91B /* SWDriverTestMainCollectionViewCell.m in Sources */ = {isa = PBXBuildFile; fileRef = 5EEF42981C1A74350050B91B /* SWDriverTestMainCollectionViewCell.m */; };
		5EEF429C1C1A756D0050B91B /* CollectionLayoutForDriverTestMain.m in Sources */ = {isa = PBXBuildFile; fileRef = 5EEF429B1C1A756D0050B91B /* CollectionLayoutForDriverTestMain.m */; };
		8033EB501C316CBD00299527 /* SWRoundButtonTableViewCell.m in Sources */ = {isa = PBXBuildFile; fileRef = 8033EB4E1C316CBD00299527 /* SWRoundButtonTableViewCell.m */; };
		8033EB511C316CBD00299527 /* SWRoundButtonTableViewCell.xib in Resources */ = {isa = PBXBuildFile; fileRef = 8033EB4F1C316CBD00299527 /* SWRoundButtonTableViewCell.xib */; };
		805109101C1C5B8300CB1D18 /* Localizable.strings in Resources */ = {isa = PBXBuildFile; fileRef = 805109121C1C5B8300CB1D18 /* Localizable.strings */; };
		8052BEF71C3D39C900D7994E /* SWLoginUser.m in Sources */ = {isa = PBXBuildFile; fileRef = 8052BEF61C3D39C800D7994E /* SWLoginUser.m */; };
		80CE62FD1C1BD32B0076816A /* SWDriverTestCellView.m in Sources */ = {isa = PBXBuildFile; fileRef = 80CE62FC1C1BD32B0076816A /* SWDriverTestCellView.m */; };
		80D7794C1C3AA50D004C9151 /* SWQuestionStatus+CoreDataProperties.m in Sources */ = {isa = PBXBuildFile; fileRef = 80D7793B1C3AA50D004C9151 /* SWQuestionStatus+CoreDataProperties.m */; };
		80D7794D1C3AA50D004C9151 /* SWQuestionStatus.m in Sources */ = {isa = PBXBuildFile; fileRef = 80D7793D1C3AA50D004C9151 /* SWQuestionStatus.m */; };
		80D779521C3AA50D004C9151 /* SWQuestionItems+CoreDataProperties.m in Sources */ = {isa = PBXBuildFile; fileRef = 80D779471C3AA50D004C9151 /* SWQuestionItems+CoreDataProperties.m */; };
		80D779531C3AA50D004C9151 /* SWQuestionItems.m in Sources */ = {isa = PBXBuildFile; fileRef = 80D779491C3AA50D004C9151 /* SWQuestionItems.m */; };
		80D779581C3AA5B3004C9151 /* SWUserInfo+CoreDataProperties.m in Sources */ = {isa = PBXBuildFile; fileRef = 80D779551C3AA5B3004C9151 /* SWUserInfo+CoreDataProperties.m */; };
		80D779591C3AA5B3004C9151 /* SWUserInfo.m in Sources */ = {isa = PBXBuildFile; fileRef = 80D779571C3AA5B3004C9151 /* SWUserInfo.m */; };
		80D7795E1C3AA5F8004C9151 /* SWMarkItems+CoreDataProperties.m in Sources */ = {isa = PBXBuildFile; fileRef = 80D7795B1C3AA5F8004C9151 /* SWMarkItems+CoreDataProperties.m */; };
		80D7795F1C3AA5F8004C9151 /* SWMarkItems.m in Sources */ = {isa = PBXBuildFile; fileRef = 80D7795D1C3AA5F8004C9151 /* SWMarkItems.m */; };
		80D779641C3AA61F004C9151 /* SWWrongItems+CoreDataProperties.m in Sources */ = {isa = PBXBuildFile; fileRef = 80D779611C3AA61F004C9151 /* SWWrongItems+CoreDataProperties.m */; };
		80D779651C3AA61F004C9151 /* SWWrongItems.m in Sources */ = {isa = PBXBuildFile; fileRef = 80D779631C3AA61F004C9151 /* SWWrongItems.m */; };
		80D779681C3AACC4004C9151 /* SWCommonUtils.m in Sources */ = {isa = PBXBuildFile; fileRef = 80D779671C3AACC4004C9151 /* SWCommonUtils.m */; };
		80D7796D1C3AAD7C004C9151 /* SWTableMaxIndex+CoreDataProperties.m in Sources */ = {isa = PBXBuildFile; fileRef = 80D7796A1C3AAD7C004C9151 /* SWTableMaxIndex+CoreDataProperties.m */; };
		80D7796E1C3AAD7C004C9151 /* SWTableMaxIndex.m in Sources */ = {isa = PBXBuildFile; fileRef = 80D7796C1C3AAD7C004C9151 /* SWTableMaxIndex.m */; };
		80F6C7651C25307E00A7E9DB /* SWQuestionPageViewController.m in Sources */ = {isa = PBXBuildFile; fileRef = 80F6C7641C25307E00A7E9DB /* SWQuestionPageViewController.m */; };
		80F6C76A1C25363C00A7E9DB /* UIButton+SWUIButtonExt.m in Sources */ = {isa = PBXBuildFile; fileRef = 80F6C7691C25363C00A7E9DB /* UIButton+SWUIButtonExt.m */; };
/* End PBXBuildFile section */

/* Begin PBXFileReference section */
		5E0E8C561C23AC65005DDB00 /* SWDriverTestMainItemsViewController.h */ = {isa = PBXFileReference; fileEncoding = 4; lastKnownFileType = sourcecode.c.h; name = SWDriverTestMainItemsViewController.h; path = MainContentTabOne/SWDriverTestMainItemsViewController.h; sourceTree = "<group>"; };
		5E0E8C571C23AC65005DDB00 /* SWDriverTestMainItemsViewController.m */ = {isa = PBXFileReference; fileEncoding = 4; lastKnownFileType = sourcecode.c.objc; name = SWDriverTestMainItemsViewController.m; path = MainContentTabOne/SWDriverTestMainItemsViewController.m; sourceTree = "<group>"; };
		5E0E8C5C1C23E09E005DDB00 /* SWDriverTestQuestionView.h */ = {isa = PBXFileReference; fileEncoding = 4; lastKnownFileType = sourcecode.c.h; name = SWDriverTestQuestionView.h; path = MainContentTabOne/SWDriverTestQuestionView.h; sourceTree = "<group>"; };
		5E0E8C5D1C23E09E005DDB00 /* SWDriverTestQuestionView.m */ = {isa = PBXFileReference; fileEncoding = 4; lastKnownFileType = sourcecode.c.objc; name = SWDriverTestQuestionView.m; path = MainContentTabOne/SWDriverTestQuestionView.m; sourceTree = "<group>"; };
		5E0E8C601C23E48F005DDB00 /* SWDriverTestQuestion.h */ = {isa = PBXFileReference; fileEncoding = 4; lastKnownFileType = sourcecode.c.h; name = SWDriverTestQuestion.h; path = DriverTestQuestionItem/SWDriverTestQuestion.h; sourceTree = "<group>"; };
		5E0E8C611C23E48F005DDB00 /* SWDriverTestQuestion.m */ = {isa = PBXFileReference; fileEncoding = 4; lastKnownFileType = sourcecode.c.objc; name = SWDriverTestQuestion.m; path = DriverTestQuestionItem/SWDriverTestQuestion.m; sourceTree = "<group>"; };
		5E1CC4371C1FBD970025B4F5 /* SWPageViewController.h */ = {isa = PBXFileReference; fileEncoding = 4; lastKnownFileType = sourcecode.c.h; name = SWPageViewController.h; path = SWDriverTestBingo/SWUILib/PageViewController/SWPageViewController.h; sourceTree = "<group>"; };
		5E1CC4381C1FBD9E0025B4F5 /* SWPageViewController.m */ = {isa = PBXFileReference; fileEncoding = 4; lastKnownFileType = sourcecode.c.objc; name = SWPageViewController.m; path = SWDriverTestBingo/SWUILib/PageViewController/SWPageViewController.m; sourceTree = "<group>"; };
		5E4AA9EB1C2791CB004348A9 /* FlexibleAlignButton.m */ = {isa = PBXFileReference; fileEncoding = 4; lastKnownFileType = sourcecode.c.objc; path = FlexibleAlignButton.m; sourceTree = "<group>"; };
		5E4AA9ED1C2791D5004348A9 /* FlexibleAlignButton.h */ = {isa = PBXFileReference; fileEncoding = 4; lastKnownFileType = sourcecode.c.h; path = FlexibleAlignButton.h; sourceTree = "<group>"; };
		5E8047801C19243600B0587A /* SWDriverTestBingo.app */ = {isa = PBXFileReference; explicitFileType = wrapper.application; includeInIndex = 0; path = SWDriverTestBingo.app; sourceTree = BUILT_PRODUCTS_DIR; };
		5E8047841C19243600B0587A /* main.m */ = {isa = PBXFileReference; lastKnownFileType = sourcecode.c.objc; path = main.m; sourceTree = "<group>"; };
		5E8047861C19243600B0587A /* AppDelegate.h */ = {isa = PBXFileReference; lastKnownFileType = sourcecode.c.h; path = AppDelegate.h; sourceTree = "<group>"; };
		5E8047871C19243600B0587A /* AppDelegate.m */ = {isa = PBXFileReference; lastKnownFileType = sourcecode.c.objc; path = AppDelegate.m; sourceTree = "<group>"; };
		5E80478D1C19243600B0587A /* Base */ = {isa = PBXFileReference; lastKnownFileType = file.storyboard; name = Base; path = Base.lproj/Main.storyboard; sourceTree = "<group>"; };
		5E8047901C19243600B0587A /* SWDriverTestBingo.xcdatamodel */ = {isa = PBXFileReference; lastKnownFileType = wrapper.xcdatamodel; path = SWDriverTestBingo.xcdatamodel; sourceTree = "<group>"; };
		5E8047921C19243600B0587A /* Assets.xcassets */ = {isa = PBXFileReference; lastKnownFileType = folder.assetcatalog; path = Assets.xcassets; sourceTree = "<group>"; };
		5E8047951C19243600B0587A /* Base */ = {isa = PBXFileReference; lastKnownFileType = file.storyboard; name = Base; path = Base.lproj/LaunchScreen.storyboard; sourceTree = "<group>"; };
		5E8047971C19243600B0587A /* Info.plist */ = {isa = PBXFileReference; lastKnownFileType = text.plist.xml; path = Info.plist; sourceTree = "<group>"; };
		5E8047A21C194FCD00B0587A /* SWDrag2ShowMenuViewController.h */ = {isa = PBXFileReference; fileEncoding = 4; lastKnownFileType = sourcecode.c.h; name = SWDrag2ShowMenuViewController.h; path = SWDriverTestBingo/SWUILib/Drag2ShowMenu/SWDrag2ShowMenuViewController.h; sourceTree = "<group>"; };
		5E8047A31C194FCD00B0587A /* SWDrag2ShowMenuViewController.m */ = {isa = PBXFileReference; fileEncoding = 4; lastKnownFileType = sourcecode.c.objc; name = SWDrag2ShowMenuViewController.m; path = SWDriverTestBingo/SWUILib/Drag2ShowMenu/SWDrag2ShowMenuViewController.m; sourceTree = "<group>"; };
		5E8047C61C197E7C00B0587A /* SWSideMenuContentViewController.h */ = {isa = PBXFileReference; fileEncoding = 4; lastKnownFileType = sourcecode.c.h; path = SWSideMenuContentViewController.h; sourceTree = "<group>"; };
		5E8047C71C197E7C00B0587A /* SWSideMenuContentViewController.m */ = {isa = PBXFileReference; fileEncoding = 4; lastKnownFileType = sourcecode.c.objc; path = SWSideMenuContentViewController.m; sourceTree = "<group>"; };
		5E8047CC1C197F0500B0587A /* SWMainViewController.h */ = {isa = PBXFileReference; fileEncoding = 4; lastKnownFileType = sourcecode.c.h; path = SWMainViewController.h; sourceTree = "<group>"; };
		5E8047CD1C197F0500B0587A /* SWMainViewController.m */ = {isa = PBXFileReference; fileEncoding = 4; lastKnownFileType = sourcecode.c.objc; path = SWMainViewController.m; sourceTree = "<group>"; };
		5E8047CF1C19851800B0587A /* SWMainContentTabBarController.h */ = {isa = PBXFileReference; fileEncoding = 4; lastKnownFileType = sourcecode.c.h; path = SWMainContentTabBarController.h; sourceTree = "<group>"; };
		5E8047D01C19851800B0587A /* SWMainContentTabBarController.m */ = {isa = PBXFileReference; fileEncoding = 4; lastKnownFileType = sourcecode.c.objc; path = SWMainContentTabBarController.m; sourceTree = "<group>"; };
		5E8047D31C1987B400B0587A /* SWDriverTestMainViewController.h */ = {isa = PBXFileReference; fileEncoding = 4; lastKnownFileType = sourcecode.c.h; name = SWDriverTestMainViewController.h; path = MainContentTabOne/SWDriverTestMainViewController.h; sourceTree = "<group>"; };
		5E8047D41C1987B400B0587A /* SWDriverTestMainViewController.m */ = {isa = PBXFileReference; fileEncoding = 4; lastKnownFileType = sourcecode.c.objc; name = SWDriverTestMainViewController.m; path = MainContentTabOne/SWDriverTestMainViewController.m; sourceTree = "<group>"; };
		5E8826A61C328616007225E2 /* SWUserInfoConfigViewController.h */ = {isa = PBXFileReference; fileEncoding = 4; lastKnownFileType = sourcecode.c.h; path = SWUserInfoConfigViewController.h; sourceTree = "<group>"; };
		5E8826A71C328616007225E2 /* SWUserInfoConfigViewController.m */ = {isa = PBXFileReference; fileEncoding = 4; lastKnownFileType = sourcecode.c.objc; path = SWUserInfoConfigViewController.m; sourceTree = "<group>"; };
		5E8826A91C328634007225E2 /* SWGoodIdeasViewController.h */ = {isa = PBXFileReference; fileEncoding = 4; lastKnownFileType = sourcecode.c.h; path = SWGoodIdeasViewController.h; sourceTree = "<group>"; };
		5E8826AA1C328634007225E2 /* SWGoodIdeasViewController.m */ = {isa = PBXFileReference; fileEncoding = 4; lastKnownFileType = sourcecode.c.objc; path = SWGoodIdeasViewController.m; sourceTree = "<group>"; };
		5EEF42911C1A69800050B91B /* SWRootViewController.m */ = {isa = PBXFileReference; fileEncoding = 4; lastKnownFileType = sourcecode.c.objc; path = SWRootViewController.m; sourceTree = "<group>"; };
		5EEF42941C1A6CF10050B91B /* SWDriverTestApplyViewController.h */ = {isa = PBXFileReference; fileEncoding = 4; lastKnownFileType = sourcecode.c.h; name = SWDriverTestApplyViewController.h; path = MainContentTabTwo/SWDriverTestApplyViewController.h; sourceTree = "<group>"; };
		5EEF42951C1A6CF10050B91B /* SWDriverTestApplyViewController.m */ = {isa = PBXFileReference; fileEncoding = 4; lastKnownFileType = sourcecode.c.objc; name = SWDriverTestApplyViewController.m; path = MainContentTabTwo/SWDriverTestApplyViewController.m; sourceTree = "<group>"; };
		5EEF42981C1A74350050B91B /* SWDriverTestMainCollectionViewCell.m */ = {isa = PBXFileReference; fileEncoding = 4; lastKnownFileType = sourcecode.c.objc; path = SWDriverTestMainCollectionViewCell.m; sourceTree = "<group>"; };
		5EEF429A1C1A743D0050B91B /* SWDriverTestMainCollectionViewCell.h */ = {isa = PBXFileReference; fileEncoding = 4; lastKnownFileType = sourcecode.c.h; path = SWDriverTestMainCollectionViewCell.h; sourceTree = "<group>"; };
		5EEF429B1C1A756D0050B91B /* CollectionLayoutForDriverTestMain.m */ = {isa = PBXFileReference; fileEncoding = 4; lastKnownFileType = sourcecode.c.objc; path = CollectionLayoutForDriverTestMain.m; sourceTree = "<group>"; };
		5EEF429D1C1A75730050B91B /* CollectionLayoutForDriverTestMain.h */ = {isa = PBXFileReference; fileEncoding = 4; lastKnownFileType = sourcecode.c.h; path = CollectionLayoutForDriverTestMain.h; sourceTree = "<group>"; };
		8033EB4D1C316CBD00299527 /* SWRoundButtonTableViewCell.h */ = {isa = PBXFileReference; fileEncoding = 4; lastKnownFileType = sourcecode.c.h; path = SWRoundButtonTableViewCell.h; sourceTree = "<group>"; };
		8033EB4E1C316CBD00299527 /* SWRoundButtonTableViewCell.m */ = {isa = PBXFileReference; fileEncoding = 4; lastKnownFileType = sourcecode.c.objc; path = SWRoundButtonTableViewCell.m; sourceTree = "<group>"; };
		8033EB4F1C316CBD00299527 /* SWRoundButtonTableViewCell.xib */ = {isa = PBXFileReference; fileEncoding = 4; lastKnownFileType = file.xib; path = SWRoundButtonTableViewCell.xib; sourceTree = "<group>"; };
		805109111C1C5B8300CB1D18 /* Base */ = {isa = PBXFileReference; lastKnownFileType = text.plist.strings; name = Base; path = Base.lproj/Localizable.strings; sourceTree = "<group>"; };
		8052BEF51C3D39C800D7994E /* SWLoginUser.h */ = {isa = PBXFileReference; fileEncoding = 4; lastKnownFileType = sourcecode.c.h; path = SWLoginUser.h; sourceTree = "<group>"; };
		8052BEF61C3D39C800D7994E /* SWLoginUser.m */ = {isa = PBXFileReference; fileEncoding = 4; lastKnownFileType = sourcecode.c.objc; path = SWLoginUser.m; sourceTree = "<group>"; };
		80CE62FB1C1BD32B0076816A /* SWDriverTestCellView.h */ = {isa = PBXFileReference; fileEncoding = 4; lastKnownFileType = sourcecode.c.h; path = SWDriverTestCellView.h; sourceTree = "<group>"; };
		80CE62FC1C1BD32B0076816A /* SWDriverTestCellView.m */ = {isa = PBXFileReference; fileEncoding = 4; lastKnownFileType = sourcecode.c.objc; path = SWDriverTestCellView.m; sourceTree = "<group>"; };
		80D7793A1C3AA50D004C9151 /* SWQuestionStatus+CoreDataProperties.h */ = {isa = PBXFileReference; fileEncoding = 4; lastKnownFileType = sourcecode.c.h; path = "SWQuestionStatus+CoreDataProperties.h"; sourceTree = "<group>"; };
		80D7793B1C3AA50D004C9151 /* SWQuestionStatus+CoreDataProperties.m */ = {isa = PBXFileReference; fileEncoding = 4; lastKnownFileType = sourcecode.c.objc; path = "SWQuestionStatus+CoreDataProperties.m"; sourceTree = "<group>"; };
		80D7793C1C3AA50D004C9151 /* SWQuestionStatus.h */ = {isa = PBXFileReference; fileEncoding = 4; lastKnownFileType = sourcecode.c.h; path = SWQuestionStatus.h; sourceTree = "<group>"; };
		80D7793D1C3AA50D004C9151 /* SWQuestionStatus.m */ = {isa = PBXFileReference; fileEncoding = 4; lastKnownFileType = sourcecode.c.objc; path = SWQuestionStatus.m; sourceTree = "<group>"; };
		80D779461C3AA50D004C9151 /* SWQuestionItems+CoreDataProperties.h */ = {isa = PBXFileReference; fileEncoding = 4; lastKnownFileType = sourcecode.c.h; path = "SWQuestionItems+CoreDataProperties.h"; sourceTree = "<group>"; };
		80D779471C3AA50D004C9151 /* SWQuestionItems+CoreDataProperties.m */ = {isa = PBXFileReference; fileEncoding = 4; lastKnownFileType = sourcecode.c.objc; path = "SWQuestionItems+CoreDataProperties.m"; sourceTree = "<group>"; };
		80D779481C3AA50D004C9151 /* SWQuestionItems.h */ = {isa = PBXFileReference; fileEncoding = 4; lastKnownFileType = sourcecode.c.h; path = SWQuestionItems.h; sourceTree = "<group>"; };
		80D779491C3AA50D004C9151 /* SWQuestionItems.m */ = {isa = PBXFileReference; fileEncoding = 4; lastKnownFileType = sourcecode.c.objc; path = SWQuestionItems.m; sourceTree = "<group>"; };
		80D779541C3AA5B3004C9151 /* SWUserInfo+CoreDataProperties.h */ = {isa = PBXFileReference; fileEncoding = 4; lastKnownFileType = sourcecode.c.h; path = "SWUserInfo+CoreDataProperties.h"; sourceTree = "<group>"; };
		80D779551C3AA5B3004C9151 /* SWUserInfo+CoreDataProperties.m */ = {isa = PBXFileReference; fileEncoding = 4; lastKnownFileType = sourcecode.c.objc; path = "SWUserInfo+CoreDataProperties.m"; sourceTree = "<group>"; };
		80D779561C3AA5B3004C9151 /* SWUserInfo.h */ = {isa = PBXFileReference; fileEncoding = 4; lastKnownFileType = sourcecode.c.h; path = SWUserInfo.h; sourceTree = "<group>"; };
		80D779571C3AA5B3004C9151 /* SWUserInfo.m */ = {isa = PBXFileReference; fileEncoding = 4; lastKnownFileType = sourcecode.c.objc; path = SWUserInfo.m; sourceTree = "<group>"; };
		80D7795A1C3AA5F8004C9151 /* SWMarkItems+CoreDataProperties.h */ = {isa = PBXFileReference; fileEncoding = 4; lastKnownFileType = sourcecode.c.h; path = "SWMarkItems+CoreDataProperties.h"; sourceTree = "<group>"; };
		80D7795B1C3AA5F8004C9151 /* SWMarkItems+CoreDataProperties.m */ = {isa = PBXFileReference; fileEncoding = 4; lastKnownFileType = sourcecode.c.objc; path = "SWMarkItems+CoreDataProperties.m"; sourceTree = "<group>"; };
		80D7795C1C3AA5F8004C9151 /* SWMarkItems.h */ = {isa = PBXFileReference; fileEncoding = 4; lastKnownFileType = sourcecode.c.h; path = SWMarkItems.h; sourceTree = "<group>"; };
		80D7795D1C3AA5F8004C9151 /* SWMarkItems.m */ = {isa = PBXFileReference; fileEncoding = 4; lastKnownFileType = sourcecode.c.objc; path = SWMarkItems.m; sourceTree = "<group>"; };
		80D779601C3AA61F004C9151 /* SWWrongItems+CoreDataProperties.h */ = {isa = PBXFileReference; fileEncoding = 4; lastKnownFileType = sourcecode.c.h; path = "SWWrongItems+CoreDataProperties.h"; sourceTree = "<group>"; };
		80D779611C3AA61F004C9151 /* SWWrongItems+CoreDataProperties.m */ = {isa = PBXFileReference; fileEncoding = 4; lastKnownFileType = sourcecode.c.objc; path = "SWWrongItems+CoreDataProperties.m"; sourceTree = "<group>"; };
		80D779621C3AA61F004C9151 /* SWWrongItems.h */ = {isa = PBXFileReference; fileEncoding = 4; lastKnownFileType = sourcecode.c.h; path = SWWrongItems.h; sourceTree = "<group>"; };
		80D779631C3AA61F004C9151 /* SWWrongItems.m */ = {isa = PBXFileReference; fileEncoding = 4; lastKnownFileType = sourcecode.c.objc; path = SWWrongItems.m; sourceTree = "<group>"; };
		80D779661C3AACC4004C9151 /* SWCommonUtils.h */ = {isa = PBXFileReference; fileEncoding = 4; lastKnownFileType = sourcecode.c.h; path = SWCommonUtils.h; sourceTree = "<group>"; };
		80D779671C3AACC4004C9151 /* SWCommonUtils.m */ = {isa = PBXFileReference; fileEncoding = 4; lastKnownFileType = sourcecode.c.objc; path = SWCommonUtils.m; sourceTree = "<group>"; };
		80D779691C3AAD7C004C9151 /* SWTableMaxIndex+CoreDataProperties.h */ = {isa = PBXFileReference; fileEncoding = 4; lastKnownFileType = sourcecode.c.h; path = "SWTableMaxIndex+CoreDataProperties.h"; sourceTree = "<group>"; };
		80D7796A1C3AAD7C004C9151 /* SWTableMaxIndex+CoreDataProperties.m */ = {isa = PBXFileReference; fileEncoding = 4; lastKnownFileType = sourcecode.c.objc; path = "SWTableMaxIndex+CoreDataProperties.m"; sourceTree = "<group>"; };
		80D7796B1C3AAD7C004C9151 /* SWTableMaxIndex.h */ = {isa = PBXFileReference; fileEncoding = 4; lastKnownFileType = sourcecode.c.h; path = SWTableMaxIndex.h; sourceTree = "<group>"; };
		80D7796C1C3AAD7C004C9151 /* SWTableMaxIndex.m */ = {isa = PBXFileReference; fileEncoding = 4; lastKnownFileType = sourcecode.c.objc; path = SWTableMaxIndex.m; sourceTree = "<group>"; };
		80ECE7931C204EBE00B6EBF5 /* SWRootViewController.h */ = {isa = PBXFileReference; fileEncoding = 4; lastKnownFileType = sourcecode.c.h; path = SWRootViewController.h; sourceTree = "<group>"; };
		80F6C7631C25307E00A7E9DB /* SWQuestionPageViewController.h */ = {isa = PBXFileReference; fileEncoding = 4; lastKnownFileType = sourcecode.c.h; name = SWQuestionPageViewController.h; path = MainContentTabOne/SWQuestionPageViewController.h; sourceTree = "<group>"; };
		80F6C7641C25307E00A7E9DB /* SWQuestionPageViewController.m */ = {isa = PBXFileReference; fileEncoding = 4; lastKnownFileType = sourcecode.c.objc; name = SWQuestionPageViewController.m; path = MainContentTabOne/SWQuestionPageViewController.m; sourceTree = "<group>"; };
		80F6C7681C25363400A7E9DB /* UIButton+SWUIButtonExt.h */ = {isa = PBXFileReference; fileEncoding = 4; lastKnownFileType = sourcecode.c.h; name = "UIButton+SWUIButtonExt.h"; path = "SWDriverTestBingo/SWUILib/UIButtonExt/UIButton+SWUIButtonExt.h"; sourceTree = "<group>"; };
		80F6C7691C25363C00A7E9DB /* UIButton+SWUIButtonExt.m */ = {isa = PBXFileReference; fileEncoding = 4; lastKnownFileType = sourcecode.c.objc; name = "UIButton+SWUIButtonExt.m"; path = "SWDriverTestBingo/SWUILib/UIButtonExt/UIButton+SWUIButtonExt.m"; sourceTree = "<group>"; };
/* End PBXFileReference section */

/* Begin PBXFrameworksBuildPhase section */
		5E80477D1C19243600B0587A /* Frameworks */ = {
			isa = PBXFrameworksBuildPhase;
			buildActionMask = 2147483647;
			files = (
			);
			runOnlyForDeploymentPostprocessing = 0;
		};
/* End PBXFrameworksBuildPhase section */

/* Begin PBXGroup section */
		5E0E8C5F1C23E418005DDB00 /* DriverTestQuestionItem */ = {
			isa = PBXGroup;
			children = (
				5E0E8C601C23E48F005DDB00 /* SWDriverTestQuestion.h */,
				5E0E8C611C23E48F005DDB00 /* SWDriverTestQuestion.m */,
			);
			name = DriverTestQuestionItem;
			sourceTree = "<group>";
		};
		5E1CC4361C1FBD500025B4F5 /* PageViewController */ = {
			isa = PBXGroup;
			children = (
				5E1CC4371C1FBD970025B4F5 /* SWPageViewController.h */,
				5E1CC4381C1FBD9E0025B4F5 /* SWPageViewController.m */,
			);
			name = PageViewController;
			sourceTree = "<group>";
		};
		5E8047771C19243500B0587A = {
			isa = PBXGroup;
			children = (
				5E80479D1C194C1500B0587A /* SWUILib */,
				5E8047821C19243600B0587A /* SWDriverTestBingo */,
				5E8047811C19243600B0587A /* Products */,
			);
			sourceTree = "<group>";
		};
		5E8047811C19243600B0587A /* Products */ = {
			isa = PBXGroup;
			children = (
				5E8047801C19243600B0587A /* SWDriverTestBingo.app */,
			);
			name = Products;
			sourceTree = "<group>";
		};
		5E8047821C19243600B0587A /* SWDriverTestBingo */ = {
			isa = PBXGroup;
			children = (
				8052BEF41C3D39B400D7994E /* UserInfo */,
				80D779351C3AA49A004C9151 /* CoreData */,
				5E8826A51C3285E4007225E2 /* SideMenu */,
				5E0E8C5F1C23E418005DDB00 /* DriverTestQuestionItem */,
				5EEF42931C1A6CB40050B91B /* MainContentTabTwo */,
				5E8047D21C19870800B0587A /* MainContentTabOne */,
				5E8047861C19243600B0587A /* AppDelegate.h */,
				5E8047871C19243600B0587A /* AppDelegate.m */,
				5E80478C1C19243600B0587A /* Main.storyboard */,
				5E8047921C19243600B0587A /* Assets.xcassets */,
				5E8047941C19243600B0587A /* LaunchScreen.storyboard */,
				5E8047971C19243600B0587A /* Info.plist */,
				5E80478F1C19243600B0587A /* SWDriverTestBingo.xcdatamodeld */,
				5E8047831C19243600B0587A /* Supporting Files */,
				5E8047CC1C197F0500B0587A /* SWMainViewController.h */,
				5E8047CD1C197F0500B0587A /* SWMainViewController.m */,
				5E8047CF1C19851800B0587A /* SWMainContentTabBarController.h */,
				5E8047D01C19851800B0587A /* SWMainContentTabBarController.m */,
				80ECE7931C204EBE00B6EBF5 /* SWRootViewController.h */,
				5EEF42911C1A69800050B91B /* SWRootViewController.m */,
				805109121C1C5B8300CB1D18 /* Localizable.strings */,
				80D779661C3AACC4004C9151 /* SWCommonUtils.h */,
				80D779671C3AACC4004C9151 /* SWCommonUtils.m */,
			);
			path = SWDriverTestBingo;
			sourceTree = "<group>";
		};
		5E8047831C19243600B0587A /* Supporting Files */ = {
			isa = PBXGroup;
			children = (
				5E8047841C19243600B0587A /* main.m */,
			);
			name = "Supporting Files";
			sourceTree = "<group>";
		};
		5E80479D1C194C1500B0587A /* SWUILib */ = {
			isa = PBXGroup;
			children = (
				8033EB4C1C316C7300299527 /* RoundBtnTableCell */,
				80F6C7671C2535E300A7E9DB /* UIButtonExt */,
				5E1CC4361C1FBD500025B4F5 /* PageViewController */,
				5EEF42971C1A73630050B91B /* Layout */,
				5E80479E1C194E6500B0587A /* Drag2ShowMenu */,
			);
			name = SWUILib;
			sourceTree = "<group>";
		};
		5E80479E1C194E6500B0587A /* Drag2ShowMenu */ = {
			isa = PBXGroup;
			children = (
				5E8047A21C194FCD00B0587A /* SWDrag2ShowMenuViewController.h */,
				5E8047A31C194FCD00B0587A /* SWDrag2ShowMenuViewController.m */,
			);
			name = Drag2ShowMenu;
			sourceTree = "<group>";
		};
		5E8047D21C19870800B0587A /* MainContentTabOne */ = {
			isa = PBXGroup;
			children = (
				5E8047D31C1987B400B0587A /* SWDriverTestMainViewController.h */,
				5E8047D41C1987B400B0587A /* SWDriverTestMainViewController.m */,
				5E0E8C561C23AC65005DDB00 /* SWDriverTestMainItemsViewController.h */,
				5E0E8C571C23AC65005DDB00 /* SWDriverTestMainItemsViewController.m */,
				5E0E8C5C1C23E09E005DDB00 /* SWDriverTestQuestionView.h */,
				5E0E8C5D1C23E09E005DDB00 /* SWDriverTestQuestionView.m */,
				80F6C7631C25307E00A7E9DB /* SWQuestionPageViewController.h */,
				80F6C7641C25307E00A7E9DB /* SWQuestionPageViewController.m */,
			);
			name = MainContentTabOne;
			sourceTree = "<group>";
		};
		5E8826A51C3285E4007225E2 /* SideMenu */ = {
			isa = PBXGroup;
			children = (
				5E8047C61C197E7C00B0587A /* SWSideMenuContentViewController.h */,
				5E8047C71C197E7C00B0587A /* SWSideMenuContentViewController.m */,
				5E8826A61C328616007225E2 /* SWUserInfoConfigViewController.h */,
				5E8826A71C328616007225E2 /* SWUserInfoConfigViewController.m */,
				5E8826A91C328634007225E2 /* SWGoodIdeasViewController.h */,
				5E8826AA1C328634007225E2 /* SWGoodIdeasViewController.m */,
			);
			name = SideMenu;
			sourceTree = "<group>";
		};
		5EEF42931C1A6CB40050B91B /* MainContentTabTwo */ = {
			isa = PBXGroup;
			children = (
				5EEF42941C1A6CF10050B91B /* SWDriverTestApplyViewController.h */,
				5EEF42951C1A6CF10050B91B /* SWDriverTestApplyViewController.m */,
			);
			name = MainContentTabTwo;
			sourceTree = "<group>";
		};
		5EEF42971C1A73630050B91B /* Layout */ = {
			isa = PBXGroup;
			children = (
				5EEF429D1C1A75730050B91B /* CollectionLayoutForDriverTestMain.h */,
				5EEF429B1C1A756D0050B91B /* CollectionLayoutForDriverTestMain.m */,
				5EEF429A1C1A743D0050B91B /* SWDriverTestMainCollectionViewCell.h */,
				5EEF42981C1A74350050B91B /* SWDriverTestMainCollectionViewCell.m */,
				80CE62FB1C1BD32B0076816A /* SWDriverTestCellView.h */,
				80CE62FC1C1BD32B0076816A /* SWDriverTestCellView.m */,
			);
			name = Layout;
			sourceTree = "<group>";
		};
		8033EB4C1C316C7300299527 /* RoundBtnTableCell */ = {
			isa = PBXGroup;
			children = (
				8033EB4D1C316CBD00299527 /* SWRoundButtonTableViewCell.h */,
				8033EB4E1C316CBD00299527 /* SWRoundButtonTableViewCell.m */,
				8033EB4F1C316CBD00299527 /* SWRoundButtonTableViewCell.xib */,
			);
			name = RoundBtnTableCell;
			sourceTree = "<group>";
		};
		8052BEF41C3D39B400D7994E /* UserInfo */ = {
			isa = PBXGroup;
			children = (
				8052BEF51C3D39C800D7994E /* SWLoginUser.h */,
				8052BEF61C3D39C800D7994E /* SWLoginUser.m */,
			);
			name = UserInfo;
			sourceTree = "<group>";
		};
		80D779351C3AA49A004C9151 /* CoreData */ = {
			isa = PBXGroup;
			children = (
				80D779691C3AAD7C004C9151 /* SWTableMaxIndex+CoreDataProperties.h */,
				80D7796A1C3AAD7C004C9151 /* SWTableMaxIndex+CoreDataProperties.m */,
				80D7796B1C3AAD7C004C9151 /* SWTableMaxIndex.h */,
				80D7796C1C3AAD7C004C9151 /* SWTableMaxIndex.m */,
				80D779601C3AA61F004C9151 /* SWWrongItems+CoreDataProperties.h */,
				80D779611C3AA61F004C9151 /* SWWrongItems+CoreDataProperties.m */,
				80D779621C3AA61F004C9151 /* SWWrongItems.h */,
				80D779631C3AA61F004C9151 /* SWWrongItems.m */,
				80D779541C3AA5B3004C9151 /* SWUserInfo+CoreDataProperties.h */,
				80D779551C3AA5B3004C9151 /* SWUserInfo+CoreDataProperties.m */,
				80D779561C3AA5B3004C9151 /* SWUserInfo.h */,
				80D779571C3AA5B3004C9151 /* SWUserInfo.m */,
				80D7793A1C3AA50D004C9151 /* SWQuestionStatus+CoreDataProperties.h */,
				80D7793B1C3AA50D004C9151 /* SWQuestionStatus+CoreDataProperties.m */,
				80D7793C1C3AA50D004C9151 /* SWQuestionStatus.h */,
				80D7793D1C3AA50D004C9151 /* SWQuestionStatus.m */,
				80D779461C3AA50D004C9151 /* SWQuestionItems+CoreDataProperties.h */,
				80D779471C3AA50D004C9151 /* SWQuestionItems+CoreDataProperties.m */,
				80D779481C3AA50D004C9151 /* SWQuestionItems.h */,
				80D779491C3AA50D004C9151 /* SWQuestionItems.m */,
				80D7795A1C3AA5F8004C9151 /* SWMarkItems+CoreDataProperties.h */,
				80D7795B1C3AA5F8004C9151 /* SWMarkItems+CoreDataProperties.m */,
				80D7795C1C3AA5F8004C9151 /* SWMarkItems.h */,
				80D7795D1C3AA5F8004C9151 /* SWMarkItems.m */,
			);
			name = CoreData;
			sourceTree = "<group>";
		};
		80F6C7671C2535E300A7E9DB /* UIButtonExt */ = {
			isa = PBXGroup;
			children = (
				5E4AA9EB1C2791CB004348A9 /* FlexibleAlignButton.m */,
				5E4AA9ED1C2791D5004348A9 /* FlexibleAlignButton.h */,
				80F6C7681C25363400A7E9DB /* UIButton+SWUIButtonExt.h */,
				80F6C7691C25363C00A7E9DB /* UIButton+SWUIButtonExt.m */,
			);
			name = UIButtonExt;
			sourceTree = "<group>";
		};
/* End PBXGroup section */

/* Begin PBXNativeTarget section */
		5E80477F1C19243600B0587A /* SWDriverTestBingo */ = {
			isa = PBXNativeTarget;
			buildConfigurationList = 5E80479A1C19243600B0587A /* Build configuration list for PBXNativeTarget "SWDriverTestBingo" */;
			buildPhases = (
				5E80477C1C19243600B0587A /* Sources */,
				5E80477D1C19243600B0587A /* Frameworks */,
				5E80477E1C19243600B0587A /* Resources */,
			);
			buildRules = (
			);
			dependencies = (
			);
			name = SWDriverTestBingo;
			productName = SWDriverTestBingo;
			productReference = 5E8047801C19243600B0587A /* SWDriverTestBingo.app */;
			productType = "com.apple.product-type.application";
		};
/* End PBXNativeTarget section */

/* Begin PBXProject section */
		5E8047781C19243500B0587A /* Project object */ = {
			isa = PBXProject;
			attributes = {
				CLASSPREFIX = SW;
				LastUpgradeCheck = 0700;
				ORGANIZATIONNAME = Eren;
				TargetAttributes = {
					5E80477F1C19243600B0587A = {
						CreatedOnToolsVersion = 7.0;
					};
				};
			};
			buildConfigurationList = 5E80477B1C19243500B0587A /* Build configuration list for PBXProject "SWDriverTestBingo" */;
			compatibilityVersion = "Xcode 3.2";
			developmentRegion = English;
			hasScannedForEncodings = 0;
			knownRegions = (
				en,
				Base,
			);
			mainGroup = 5E8047771C19243500B0587A;
			productRefGroup = 5E8047811C19243600B0587A /* Products */;
			projectDirPath = "";
			projectRoot = "";
			targets = (
				5E80477F1C19243600B0587A /* SWDriverTestBingo */,
			);
		};
/* End PBXProject section */

/* Begin PBXResourcesBuildPhase section */
		5E80477E1C19243600B0587A /* Resources */ = {
			isa = PBXResourcesBuildPhase;
			buildActionMask = 2147483647;
			files = (
				5E8047961C19243600B0587A /* LaunchScreen.storyboard in Resources */,
				8033EB511C316CBD00299527 /* SWRoundButtonTableViewCell.xib in Resources */,
				805109101C1C5B8300CB1D18 /* Localizable.strings in Resources */,
				5E8047931C19243600B0587A /* Assets.xcassets in Resources */,
				5E80478E1C19243600B0587A /* Main.storyboard in Resources */,
			);
			runOnlyForDeploymentPostprocessing = 0;
		};
/* End PBXResourcesBuildPhase section */

/* Begin PBXSourcesBuildPhase section */
		5E80477C1C19243600B0587A /* Sources */ = {
			isa = PBXSourcesBuildPhase;
			buildActionMask = 2147483647;
			files = (
				5E8826AB1C328634007225E2 /* SWGoodIdeasViewController.m in Sources */,
				80D779531C3AA50D004C9151 /* SWQuestionItems.m in Sources */,
				80D779681C3AACC4004C9151 /* SWCommonUtils.m in Sources */,
				5EEF429C1C1A756D0050B91B /* CollectionLayoutForDriverTestMain.m in Sources */,
				80D7796E1C3AAD7C004C9151 /* SWTableMaxIndex.m in Sources */,
				80D7794C1C3AA50D004C9151 /* SWQuestionStatus+CoreDataProperties.m in Sources */,
				5E1CC4391C1FBD9E0025B4F5 /* SWPageViewController.m in Sources */,
				5EEF42921C1A69800050B91B /* SWRootViewController.m in Sources */,
				5E8047881C19243600B0587A /* AppDelegate.m in Sources */,
				5E8047D51C1987B400B0587A /* SWDriverTestMainViewController.m in Sources */,
				80F6C7651C25307E00A7E9DB /* SWQuestionPageViewController.m in Sources */,
				5E4AA9EC1C2791CB004348A9 /* FlexibleAlignButton.m in Sources */,
				80D779581C3AA5B3004C9151 /* SWUserInfo+CoreDataProperties.m in Sources */,
				5E8047851C19243600B0587A /* main.m in Sources */,
				80D7796D1C3AAD7C004C9151 /* SWTableMaxIndex+CoreDataProperties.m in Sources */,
				5E8826A81C328616007225E2 /* SWUserInfoConfigViewController.m in Sources */,
				5EEF42991C1A74350050B91B /* SWDriverTestMainCollectionViewCell.m in Sources */,
				8052BEF71C3D39C900D7994E /* SWLoginUser.m in Sources */,
				5E8047A41C194FCD00B0587A /* SWDrag2ShowMenuViewController.m in Sources */,
				5E8047CE1C197F0500B0587A /* SWMainViewController.m in Sources */,
				80D779641C3AA61F004C9151 /* SWWrongItems+CoreDataProperties.m in Sources */,
				80D7795F1C3AA5F8004C9151 /* SWMarkItems.m in Sources */,
				80D779591C3AA5B3004C9151 /* SWUserInfo.m in Sources */,
				5E8047D11C19851800B0587A /* SWMainContentTabBarController.m in Sources */,
				5EEF42961C1A6CF10050B91B /* SWDriverTestApplyViewController.m in Sources */,
				80D7794D1C3AA50D004C9151 /* SWQuestionStatus.m in Sources */,
				5E0E8C581C23AC65005DDB00 /* SWDriverTestMainItemsViewController.m in Sources */,
				5E8047911C19243600B0587A /* SWDriverTestBingo.xcdatamodeld in Sources */,
				5E0E8C5E1C23E09E005DDB00 /* SWDriverTestQuestionView.m in Sources */,
				5E0E8C621C23E48F005DDB00 /* SWDriverTestQuestion.m in Sources */,
				80D779651C3AA61F004C9151 /* SWWrongItems.m in Sources */,
				80D7795E1C3AA5F8004C9151 /* SWMarkItems+CoreDataProperties.m in Sources */,
				5E8047C81C197E7C00B0587A /* SWSideMenuContentViewController.m in Sources */,
				8033EB501C316CBD00299527 /* SWRoundButtonTableViewCell.m in Sources */,
				80F6C76A1C25363C00A7E9DB /* UIButton+SWUIButtonExt.m in Sources */,
				80D779521C3AA50D004C9151 /* SWQuestionItems+CoreDataProperties.m in Sources */,
				80CE62FD1C1BD32B0076816A /* SWDriverTestCellView.m in Sources */,
			);
			runOnlyForDeploymentPostprocessing = 0;
		};
/* End PBXSourcesBuildPhase section */

/* Begin PBXVariantGroup section */
		5E80478C1C19243600B0587A /* Main.storyboard */ = {
			isa = PBXVariantGroup;
			children = (
				5E80478D1C19243600B0587A /* Base */,
			);
			name = Main.storyboard;
			sourceTree = "<group>";
		};
		5E8047941C19243600B0587A /* LaunchScreen.storyboard */ = {
			isa = PBXVariantGroup;
			children = (
				5E8047951C19243600B0587A /* Base */,
			);
			name = LaunchScreen.storyboard;
			sourceTree = "<group>";
		};
		805109121C1C5B8300CB1D18 /* Localizable.strings */ = {
			isa = PBXVariantGroup;
			children = (
				805109111C1C5B8300CB1D18 /* Base */,
			);
			name = Localizable.strings;
			sourceTree = "<group>";
		};
/* End PBXVariantGroup section */

/* Begin XCBuildConfiguration section */
		5E8047981C19243600B0587A /* Debug */ = {
			isa = XCBuildConfiguration;
			buildSettings = {
				ALWAYS_SEARCH_USER_PATHS = NO;
				CLANG_CXX_LANGUAGE_STANDARD = "gnu++0x";
				CLANG_CXX_LIBRARY = "libc++";
				CLANG_ENABLE_MODULES = YES;
				CLANG_ENABLE_OBJC_ARC = YES;
				CLANG_WARN_BOOL_CONVERSION = YES;
				CLANG_WARN_CONSTANT_CONVERSION = YES;
				CLANG_WARN_DIRECT_OBJC_ISA_USAGE = YES_ERROR;
				CLANG_WARN_EMPTY_BODY = YES;
				CLANG_WARN_ENUM_CONVERSION = YES;
				CLANG_WARN_INT_CONVERSION = YES;
				CLANG_WARN_OBJC_ROOT_CLASS = YES_ERROR;
				CLANG_WARN_UNREACHABLE_CODE = YES;
				CLANG_WARN__DUPLICATE_METHOD_MATCH = YES;
				"CODE_SIGN_IDENTITY[sdk=iphoneos*]" = "iPhone Developer";
				COPY_PHASE_STRIP = NO;
				DEBUG_INFORMATION_FORMAT = dwarf;
				ENABLE_STRICT_OBJC_MSGSEND = YES;
				ENABLE_TESTABILITY = YES;
				GCC_C_LANGUAGE_STANDARD = gnu99;
				GCC_DYNAMIC_NO_PIC = NO;
				GCC_NO_COMMON_BLOCKS = YES;
				GCC_OPTIMIZATION_LEVEL = 0;
				GCC_PREPROCESSOR_DEFINITIONS = (
					"DEBUG=1",
					"$(inherited)",
				);
				GCC_WARN_64_TO_32_BIT_CONVERSION = YES;
				GCC_WARN_ABOUT_RETURN_TYPE = YES_ERROR;
				GCC_WARN_UNDECLARED_SELECTOR = YES;
				GCC_WARN_UNINITIALIZED_AUTOS = YES_AGGRESSIVE;
				GCC_WARN_UNUSED_FUNCTION = YES;
				GCC_WARN_UNUSED_VARIABLE = YES;
				IPHONEOS_DEPLOYMENT_TARGET = 9.0;
				MTL_ENABLE_DEBUG_INFO = YES;
				ONLY_ACTIVE_ARCH = YES;
				SDKROOT = iphoneos;
				TARGETED_DEVICE_FAMILY = "1,2";
			};
			name = Debug;
		};
		5E8047991C19243600B0587A /* Release */ = {
			isa = XCBuildConfiguration;
			buildSettings = {
				ALWAYS_SEARCH_USER_PATHS = NO;
				CLANG_CXX_LANGUAGE_STANDARD = "gnu++0x";
				CLANG_CXX_LIBRARY = "libc++";
				CLANG_ENABLE_MODULES = YES;
				CLANG_ENABLE_OBJC_ARC = YES;
				CLANG_WARN_BOOL_CONVERSION = YES;
				CLANG_WARN_CONSTANT_CONVERSION = YES;
				CLANG_WARN_DIRECT_OBJC_ISA_USAGE = YES_ERROR;
				CLANG_WARN_EMPTY_BODY = YES;
				CLANG_WARN_ENUM_CONVERSION = YES;
				CLANG_WARN_INT_CONVERSION = YES;
				CLANG_WARN_OBJC_ROOT_CLASS = YES_ERROR;
				CLANG_WARN_UNREACHABLE_CODE = YES;
				CLANG_WARN__DUPLICATE_METHOD_MATCH = YES;
				"CODE_SIGN_IDENTITY[sdk=iphoneos*]" = "iPhone Developer";
				COPY_PHASE_STRIP = NO;
				DEBUG_INFORMATION_FORMAT = "dwarf-with-dsym";
				ENABLE_NS_ASSERTIONS = NO;
				ENABLE_STRICT_OBJC_MSGSEND = YES;
				GCC_C_LANGUAGE_STANDARD = gnu99;
				GCC_NO_COMMON_BLOCKS = YES;
				GCC_WARN_64_TO_32_BIT_CONVERSION = YES;
				GCC_WARN_ABOUT_RETURN_TYPE = YES_ERROR;
				GCC_WARN_UNDECLARED_SELECTOR = YES;
				GCC_WARN_UNINITIALIZED_AUTOS = YES_AGGRESSIVE;
				GCC_WARN_UNUSED_FUNCTION = YES;
				GCC_WARN_UNUSED_VARIABLE = YES;
				IPHONEOS_DEPLOYMENT_TARGET = 9.0;
				MTL_ENABLE_DEBUG_INFO = NO;
				SDKROOT = iphoneos;
				TARGETED_DEVICE_FAMILY = "1,2";
				VALIDATE_PRODUCT = YES;
			};
			name = Release;
		};
		5E80479B1C19243600B0587A /* Debug */ = {
			isa = XCBuildConfiguration;
			buildSettings = {
				ASSETCATALOG_COMPILER_APPICON_NAME = AppIcon;
				INFOPLIST_FILE = SWDriverTestBingo/Info.plist;
				IPHONEOS_DEPLOYMENT_TARGET = 7.1;
				LD_RUNPATH_SEARCH_PATHS = "$(inherited) @executable_path/Frameworks";
				PRODUCT_BUNDLE_IDENTIFIER = com.eren.SWDriverTestBingo;
				PRODUCT_NAME = "$(TARGET_NAME)";
			};
			name = Debug;
		};
		5E80479C1C19243600B0587A /* Release */ = {
			isa = XCBuildConfiguration;
			buildSettings = {
				ASSETCATALOG_COMPILER_APPICON_NAME = AppIcon;
				INFOPLIST_FILE = SWDriverTestBingo/Info.plist;
				IPHONEOS_DEPLOYMENT_TARGET = 7.1;
				LD_RUNPATH_SEARCH_PATHS = "$(inherited) @executable_path/Frameworks";
				PRODUCT_BUNDLE_IDENTIFIER = com.eren.SWDriverTestBingo;
				PRODUCT_NAME = "$(TARGET_NAME)";
			};
			name = Release;
		};
/* End XCBuildConfiguration section */

/* Begin XCConfigurationList section */
		5E80477B1C19243500B0587A /* Build configuration list for PBXProject "SWDriverTestBingo" */ = {
			isa = XCConfigurationList;
			buildConfigurations = (
				5E8047981C19243600B0587A /* Debug */,
				5E8047991C19243600B0587A /* Release */,
			);
			defaultConfigurationIsVisible = 0;
			defaultConfigurationName = Release;
		};
		5E80479A1C19243600B0587A /* Build configuration list for PBXNativeTarget "SWDriverTestBingo" */ = {
			isa = XCConfigurationList;
			buildConfigurations = (
				5E80479B1C19243600B0587A /* Debug */,
				5E80479C1C19243600B0587A /* Release */,
			);
			defaultConfigurationIsVisible = 0;
			defaultConfigurationName = Release;
		};
/* End XCConfigurationList section */

/* Begin XCVersionGroup section */
		5E80478F1C19243600B0587A /* SWDriverTestBingo.xcdatamodeld */ = {
			isa = XCVersionGroup;
			children = (
				5E8047901C19243600B0587A /* SWDriverTestBingo.xcdatamodel */,
			);
			currentVersion = 5E8047901C19243600B0587A /* SWDriverTestBingo.xcdatamodel */;
			path = SWDriverTestBingo.xcdatamodeld;
			sourceTree = "<group>";
			versionGroupType = wrapper.xcdatamodel;
		};
/* End XCVersionGroup section */
	};
	rootObject = 5E8047781C19243500B0587A /* Project object */;
}
